// !$*UTF8*$!
{
	archiveVersion = 1;
	classes = {
	};
	objectVersion = 46;
	objects = {

/* Begin PBXBuildFile section */
		5A233F561DDF40C100E03957 /* MenuBar.swift in Sources */ = {isa = PBXBuildFile; fileRef = 5A233F551DDF40C100E03957 /* MenuBar.swift */; };
		5AA0CAD81DD89702000E0931 /* Extensions.swift in Sources */ = {isa = PBXBuildFile; fileRef = 5AA0CAD71DD89702000E0931 /* Extensions.swift */; };
		5AA0CADB1DD897BE000E0931 /* VideoCell.swift in Sources */ = {isa = PBXBuildFile; fileRef = 5AA0CADA1DD897BE000E0931 /* VideoCell.swift */; };
		5AD13ED61DE96EDA00A28B31 /* SettingsLauncher.swift in Sources */ = {isa = PBXBuildFile; fileRef = 5AD13ED51DE96EDA00A28B31 /* SettingsLauncher.swift */; };
		5AEED8341DD6B1FC00ED1F2C /* AppDelegate.swift in Sources */ = {isa = PBXBuildFile; fileRef = 5AEED8331DD6B1FC00ED1F2C /* AppDelegate.swift */; };
		5AEED8361DD6B1FC00ED1F2C /* HomeController.swift in Sources */ = {isa = PBXBuildFile; fileRef = 5AEED8351DD6B1FC00ED1F2C /* HomeController.swift */; };
		5AEED83B1DD6B1FC00ED1F2C /* Assets.xcassets in Resources */ = {isa = PBXBuildFile; fileRef = 5AEED83A1DD6B1FC00ED1F2C /* Assets.xcassets */; };
		5AEED83E1DD6B1FC00ED1F2C /* LaunchScreen.storyboard in Resources */ = {isa = PBXBuildFile; fileRef = 5AEED83C1DD6B1FC00ED1F2C /* LaunchScreen.storyboard */; };
		5AF189141DE09CC6003197A0 /* Video.swift in Sources */ = {isa = PBXBuildFile; fileRef = 5AF189131DE09CC6003197A0 /* Video.swift */; };
/* End PBXBuildFile section */

/* Begin PBXFileReference section */
		5A233F551DDF40C100E03957 /* MenuBar.swift */ = {isa = PBXFileReference; fileEncoding = 4; lastKnownFileType = sourcecode.swift; path = MenuBar.swift; sourceTree = "<group>"; };
		5AA0CAD71DD89702000E0931 /* Extensions.swift */ = {isa = PBXFileReference; fileEncoding = 4; lastKnownFileType = sourcecode.swift; path = Extensions.swift; sourceTree = "<group>"; };
		5AA0CADA1DD897BE000E0931 /* VideoCell.swift */ = {isa = PBXFileReference; fileEncoding = 4; lastKnownFileType = sourcecode.swift; path = VideoCell.swift; sourceTree = "<group>"; };
		5AD13ED51DE96EDA00A28B31 /* SettingsLauncher.swift */ = {isa = PBXFileReference; fileEncoding = 4; lastKnownFileType = sourcecode.swift; path = SettingsLauncher.swift; sourceTree = "<group>"; };
		5AEED8301DD6B1FB00ED1F2C /* youtube.app */ = {isa = PBXFileReference; explicitFileType = wrapper.application; includeInIndex = 0; path = youtube.app; sourceTree = BUILT_PRODUCTS_DIR; };
		5AEED8331DD6B1FC00ED1F2C /* AppDelegate.swift */ = {isa = PBXFileReference; lastKnownFileType = sourcecode.swift; path = AppDelegate.swift; sourceTree = "<group>"; };
		5AEED8351DD6B1FC00ED1F2C /* HomeController.swift */ = {isa = PBXFileReference; lastKnownFileType = sourcecode.swift; path = HomeController.swift; sourceTree = "<group>"; };
		5AEED83A1DD6B1FC00ED1F2C /* Assets.xcassets */ = {isa = PBXFileReference; lastKnownFileType = folder.assetcatalog; path = Assets.xcassets; sourceTree = "<group>"; };
		5AEED83D1DD6B1FC00ED1F2C /* Base */ = {isa = PBXFileReference; lastKnownFileType = file.storyboard; name = Base; path = Base.lproj/LaunchScreen.storyboard; sourceTree = "<group>"; };
		5AEED83F1DD6B1FC00ED1F2C /* Info.plist */ = {isa = PBXFileReference; lastKnownFileType = text.plist.xml; path = Info.plist; sourceTree = "<group>"; };
		5AF189131DE09CC6003197A0 /* Video.swift */ = {isa = PBXFileReference; fileEncoding = 4; lastKnownFileType = sourcecode.swift; path = Video.swift; sourceTree = "<group>"; };
/* End PBXFileReference section */

/* Begin PBXFrameworksBuildPhase section */
		5AEED82D1DD6B1FB00ED1F2C /* Frameworks */ = {
			isa = PBXFrameworksBuildPhase;
			buildActionMask = 2147483647;
			files = (
			);
			runOnlyForDeploymentPostprocessing = 0;
		};
/* End PBXFrameworksBuildPhase section */

/* Begin PBXGroup section */
		5AA0CAD61DD896E8000E0931 /* Helpers */ = {
			isa = PBXGroup;
			children = (
				5AA0CAD71DD89702000E0931 /* Extensions.swift */,
			);
			name = Helpers;
			sourceTree = "<group>";
		};
		5AA0CAD91DD8979E000E0931 /* View */ = {
			isa = PBXGroup;
			children = (
				5AA0CADA1DD897BE000E0931 /* VideoCell.swift */,
				5A233F551DDF40C100E03957 /* MenuBar.swift */,
			);
			name = View;
			sourceTree = "<group>";
		};
		5AA0CADC1DD897F7000E0931 /* Controller */ = {
			isa = PBXGroup;
			children = (
				5AEED8351DD6B1FC00ED1F2C /* HomeController.swift */,
				5AD13ED51DE96EDA00A28B31 /* SettingsLauncher.swift */,
			);
			name = Controller;
			sourceTree = "<group>";
		};
		5AEED8271DD6B1FB00ED1F2C = {
			isa = PBXGroup;
			children = (
				5AEED8321DD6B1FB00ED1F2C /* youtube */,
				5AEED8311DD6B1FB00ED1F2C /* Products */,
			);
			sourceTree = "<group>";
		};
		5AEED8311DD6B1FB00ED1F2C /* Products */ = {
			isa = PBXGroup;
			children = (
				5AEED8301DD6B1FB00ED1F2C /* youtube.app */,
			);
			name = Products;
			sourceTree = "<group>";
		};
		5AEED8321DD6B1FB00ED1F2C /* youtube */ = {
			isa = PBXGroup;
			children = (
				5AF189121DE09CB0003197A0 /* Model */,
				5AA0CADC1DD897F7000E0931 /* Controller */,
				5AA0CAD91DD8979E000E0931 /* View */,
				5AA0CAD61DD896E8000E0931 /* Helpers */,
				5AEED8331DD6B1FC00ED1F2C /* AppDelegate.swift */,
				5AEED83A1DD6B1FC00ED1F2C /* Assets.xcassets */,
				5AEED83C1DD6B1FC00ED1F2C /* LaunchScreen.storyboard */,
				5AEED83F1DD6B1FC00ED1F2C /* Info.plist */,
			);
			path = youtube;
			sourceTree = "<group>";
		};
		5AF189121DE09CB0003197A0 /* Model */ = {
			isa = PBXGroup;
			children = (
				5AF189131DE09CC6003197A0 /* Video.swift */,
			);
			name = Model;
			sourceTree = "<group>";
		};
/* End PBXGroup section */

/* Begin PBXNativeTarget section */
		5AEED82F1DD6B1FB00ED1F2C /* youtube */ = {
			isa = PBXNativeTarget;
			buildConfigurationList = 5AEED8421DD6B1FC00ED1F2C /* Build configuration list for PBXNativeTarget "youtube" */;
			buildPhases = (
				5AEED82C1DD6B1FB00ED1F2C /* Sources */,
				5AEED82D1DD6B1FB00ED1F2C /* Frameworks */,
				5AEED82E1DD6B1FB00ED1F2C /* Resources */,
			);
			buildRules = (
			);
			dependencies = (
			);
			name = youtube;
			productName = youtube;
			productReference = 5AEED8301DD6B1FB00ED1F2C /* youtube.app */;
			productType = "com.apple.product-type.application";
		};
/* End PBXNativeTarget section */

/* Begin PBXProject section */
		5AEED8281DD6B1FB00ED1F2C /* Project object */ = {
			isa = PBXProject;
			attributes = {
				LastSwiftUpdateCheck = 0800;
				LastUpgradeCheck = 0800;
				ORGANIZATIONNAME = "Vina Rianti";
				TargetAttributes = {
					5AEED82F1DD6B1FB00ED1F2C = {
						CreatedOnToolsVersion = 8.0;
						DevelopmentTeam = VGKE7KP8GF;
						ProvisioningStyle = Automatic;
					};
				};
			};
			buildConfigurationList = 5AEED82B1DD6B1FB00ED1F2C /* Build configuration list for PBXProject "youtube" */;
			compatibilityVersion = "Xcode 3.2";
			developmentRegion = English;
			hasScannedForEncodings = 0;
			knownRegions = (
				en,
				Base,
			);
			mainGroup = 5AEED8271DD6B1FB00ED1F2C;
			productRefGroup = 5AEED8311DD6B1FB00ED1F2C /* Products */;
			projectDirPath = "";
			projectRoot = "";
			targets = (
				5AEED82F1DD6B1FB00ED1F2C /* youtube */,
			);
		};
/* End PBXProject section */

/* Begin PBXResourcesBuildPhase section */
		5AEED82E1DD6B1FB00ED1F2C /* Resources */ = {
			isa = PBXResourcesBuildPhase;
			buildActionMask = 2147483647;
			files = (
				5AEED83E1DD6B1FC00ED1F2C /* LaunchScreen.storyboard in Resources */,
				5AEED83B1DD6B1FC00ED1F2C /* Assets.xcassets in Resources */,
			);
			runOnlyForDeploymentPostprocessing = 0;
		};
/* End PBXResourcesBuildPhase section */

/* Begin PBXSourcesBuildPhase section */
		5AEED82C1DD6B1FB00ED1F2C /* Sources */ = {
			isa = PBXSourcesBuildPhase;
			buildActionMask = 2147483647;
			files = (
				5AA0CADB1DD897BE000E0931 /* VideoCell.swift in Sources */,
				5AF189141DE09CC6003197A0 /* Video.swift in Sources */,
				5AEED8361DD6B1FC00ED1F2C /* HomeController.swift in Sources */,
				5AD13ED61DE96EDA00A28B31 /* SettingsLauncher.swift in Sources */,
				5AA0CAD81DD89702000E0931 /* Extensions.swift in Sources */,
				5AEED8341DD6B1FC00ED1F2C /* AppDelegate.swift in Sources */,
				5A233F561DDF40C100E03957 /* MenuBar.swift in Sources */,
			);
			runOnlyForDeploymentPostprocessing = 0;
		};
/* End PBXSourcesBuildPhase section */

/* Begin PBXVariantGroup section */
		5AEED83C1DD6B1FC00ED1F2C /* LaunchScreen.storyboard */ = {
			isa = PBXVariantGroup;
			children = (
				5AEED83D1DD6B1FC00ED1F2C /* Base */,
			);
			name = LaunchScreen.storyboard;
			sourceTree = "<group>";
		};
/* End PBXVariantGroup section */

/* Begin XCBuildConfiguration section */
		5AEED8401DD6B1FC00ED1F2C /* Debug */ = {
			isa = XCBuildConfiguration;
			buildSettings = {
				ALWAYS_SEARCH_USER_PATHS = NO;
				CLANG_ANALYZER_NONNULL = YES;
				CLANG_CXX_LANGUAGE_STANDARD = "gnu++0x";
				CLANG_CXX_LIBRARY = "libc++";
				CLANG_ENABLE_MODULES = YES;
				CLANG_ENABLE_OBJC_ARC = YES;
				CLANG_WARN_BOOL_CONVERSION = YES;
				CLANG_WARN_CONSTANT_CONVERSION = YES;
				CLANG_WARN_DIRECT_OBJC_ISA_USAGE = YES_ERROR;
				CLANG_WARN_DOCUMENTATION_COMMENTS = YES;
				CLANG_WARN_EMPTY_BODY = YES;
				CLANG_WARN_ENUM_CONVERSION = YES;
				CLANG_WARN_INFINITE_RECURSION = YES;
				CLANG_WARN_INT_CONVERSION = YES;
				CLANG_WARN_OBJC_ROOT_CLASS = YES_ERROR;
				CLANG_WARN_SUSPICIOUS_MOVES = YES;
				CLANG_WARN_UNREACHABLE_CODE = YES;
				CLANG_WARN__DUPLICATE_METHOD_MATCH = YES;
				"CODE_SIGN_IDENTITY[sdk=iphoneos*]" = "iPhone Developer";
				COPY_PHASE_STRIP = NO;
				DEBUG_INFORMATION_FORMAT = dwarf;
				ENABLE_STRICT_OBJC_MSGSEND = YES;
				ENABLE_TESTABILITY = YES;
				GCC_C_LANGUAGE_STANDARD = gnu99;
				GCC_DYNAMIC_NO_PIC = NO;
				GCC_NO_COMMON_BLOCKS = YES;
				GCC_OPTIMIZATION_LEVEL = 0;
				GCC_PREPROCESSOR_DEFINITIONS = (
					"DEBUG=1",
					"$(inherited)",
				);
				GCC_WARN_64_TO_32_BIT_CONVERSION = YES;
				GCC_WARN_ABOUT_RETURN_TYPE = YES_ERROR;
				GCC_WARN_UNDECLARED_SELECTOR = YES;
				GCC_WARN_UNINITIALIZED_AUTOS = YES_AGGRESSIVE;
				GCC_WARN_UNUSED_FUNCTION = YES;
				GCC_WARN_UNUSED_VARIABLE = YES;
				IPHONEOS_DEPLOYMENT_TARGET = 10.0;
				MTL_ENABLE_DEBUG_INFO = YES;
				ONLY_ACTIVE_ARCH = YES;
				SDKROOT = iphoneos;
				SWIFT_ACTIVE_COMPILATION_CONDITIONS = DEBUG;
				SWIFT_OPTIMIZATION_LEVEL = "-Onone";
				TARGETED_DEVICE_FAMILY = "1,2";
			};
			name = Debug;
		};
		5AEED8411DD6B1FC00ED1F2C /* Release */ = {
			isa = XCBuildConfiguration;
			buildSettings = {
				ALWAYS_SEARCH_USER_PATHS = NO;
				CLANG_ANALYZER_NONNULL = YES;
				CLANG_CXX_LANGUAGE_STANDARD = "gnu++0x";
				CLANG_CXX_LIBRARY = "libc++";
				CLANG_ENABLE_MODULES = YES;
				CLANG_ENABLE_OBJC_ARC = YES;
				CLANG_WARN_BOOL_CONVERSION = YES;
				CLANG_WARN_CONSTANT_CONVERSION = YES;
				CLANG_WARN_DIRECT_OBJC_ISA_USAGE = YES_ERROR;
				CLANG_WARN_DOCUMENTATION_COMMENTS = YES;
				CLANG_WARN_EMPTY_BODY = YES;
				CLANG_WARN_ENUM_CONVERSION = YES;
				CLANG_WARN_INFINITE_RECURSION = YES;
				CLANG_WARN_INT_CONVERSION = YES;
				CLANG_WARN_OBJC_ROOT_CLASS = YES_ERROR;
				CLANG_WARN_SUSPICIOUS_MOVES = YES;
				CLANG_WARN_UNREACHABLE_CODE = YES;
				CLANG_WARN__DUPLICATE_METHOD_MATCH = YES;
				"CODE_SIGN_IDENTITY[sdk=iphoneos*]" = "iPhone Developer";
				COPY_PHASE_STRIP = NO;
				DEBUG_INFORMATION_FORMAT = "dwarf-with-dsym";
				ENABLE_NS_ASSERTIONS = NO;
				ENABLE_STRICT_OBJC_MSGSEND = YES;
				GCC_C_LANGUAGE_STANDARD = gnu99;
				GCC_NO_COMMON_BLOCKS = YES;
				GCC_WARN_64_TO_32_BIT_CONVERSION = YES;
				GCC_WARN_ABOUT_RETURN_TYPE = YES_ERROR;
				GCC_WARN_UNDECLARED_SELECTOR = YES;
				GCC_WARN_UNINITIALIZED_AUTOS = YES_AGGRESSIVE;
				GCC_WARN_UNUSED_FUNCTION = YES;
				GCC_WARN_UNUSED_VARIABLE = YES;
				IPHONEOS_DEPLOYMENT_TARGET = 10.0;
				MTL_ENABLE_DEBUG_INFO = NO;
				SDKROOT = iphoneos;
				SWIFT_OPTIMIZATION_LEVEL = "-Owholemodule";
				TARGETED_DEVICE_FAMILY = "1,2";
				VALIDATE_PRODUCT = YES;
			};
			name = Release;
		};
		5AEED8431DD6B1FC00ED1F2C /* Debug */ = {
			isa = XCBuildConfiguration;
			buildSettings = {
				ASSETCATALOG_COMPILER_APPICON_NAME = AppIcon;
				DEVELOPMENT_TEAM = VGKE7KP8GF;
				INFOPLIST_FILE = youtube/Info.plist;
				LD_RUNPATH_SEARCH_PATHS = "$(inherited) @executable_path/Frameworks";
				PRODUCT_BUNDLE_IDENTIFIER = com.vinamelody.youtube;
				PRODUCT_NAME = "$(TARGET_NAME)";
				SWIFT_VERSION = 3.0;
			};
			name = Debug;
		};
		5AEED8441DD6B1FC00ED1F2C /* Release */ = {
			isa = XCBuildConfiguration;
			buildSettings = {
				ASSETCATALOG_COMPILER_APPICON_NAME = AppIcon;
				DEVELOPMENT_TEAM = VGKE7KP8GF;
				INFOPLIST_FILE = youtube/Info.plist;
				LD_RUNPATH_SEARCH_PATHS = "$(inherited) @executable_path/Frameworks";
				PRODUCT_BUNDLE_IDENTIFIER = com.vinamelody.youtube;
				PRODUCT_NAME = "$(TARGET_NAME)";
				SWIFT_VERSION = 3.0;
			};
			name = Release;
		};
/* End XCBuildConfiguration section */

/* Begin XCConfigurationList section */
		5AEED82B1DD6B1FB00ED1F2C /* Build configuration list for PBXProject "youtube" */ = {
			isa = XCConfigurationList;
			buildConfigurations = (
				5AEED8401DD6B1FC00ED1F2C /* Debug */,
				5AEED8411DD6B1FC00ED1F2C /* Release */,
			);
			defaultConfigurationIsVisible = 0;
			defaultConfigurationName = Release;
		};
		5AEED8421DD6B1FC00ED1F2C /* Build configuration list for PBXNativeTarget "youtube" */ = {
			isa = XCConfigurationList;
			buildConfigurations = (
				5AEED8431DD6B1FC00ED1F2C /* Debug */,
				5AEED8441DD6B1FC00ED1F2C /* Release */,
			);
			defaultConfigurationIsVisible = 0;
			defaultConfigurationName = Release;
		};
/* End XCConfigurationList section */
	};
	rootObject = 5AEED8281DD6B1FB00ED1F2C /* Project object */;
}
